
Microsoft Visual Studio Solution File, Format Version 12.00
# Visual Studio 14
VisualStudioVersion = 14.0.23107.0
MinimumVisualStudioVersion = 10.0.40219.1
Project("{FAE04EC0-301F-11D3-BF4B-00C04F79EFBC}") = "Anatoli", "Anatoli\Anatoli.csproj", "{7652423F-F5E3-4A1A-958F-7331C42AE409}"
EndProject
Project("{FAE04EC0-301F-11D3-BF4B-00C04F79EFBC}") = "AnatoliAndroid", "AnatoliAndroid\AnatoliAndroid\AnatoliAndroid.csproj", "{90745782-5D4B-4704-994C-0AE11D293270}"
	ProjectSection(ProjectDependencies) = postProject
		{CA07425C-87F7-40E5-AA91-2F5FD3CEC29C} = {CA07425C-87F7-40E5-AA91-2F5FD3CEC29C}
	EndProjectSection
EndProject
Project("{FAE04EC0-301F-11D3-BF4B-00C04F79EFBC}") = "AnatoliIOS", "AnatoliIOS\AnatoliIOS\AnatoliIOS.csproj", "{E49A4BFC-4AA1-43D4-9A48-01C051657B71}"
EndProject
Project("{FAE04EC0-301F-11D3-BF4B-00C04F79EFBC}") = "UpdateDB", "UpdateDB\UpdateDB.csproj", "{CA07425C-87F7-40E5-AA91-2F5FD3CEC29C}"
EndProject
Global
	GlobalSection(SolutionConfigurationPlatforms) = preSolution
		Ad-Hoc|Any CPU = Ad-Hoc|Any CPU
		Ad-Hoc|iPhone = Ad-Hoc|iPhone
		Ad-Hoc|iPhoneSimulator = Ad-Hoc|iPhoneSimulator
		Ad-Hoc|Mixed Platforms = Ad-Hoc|Mixed Platforms
		AppStore|Any CPU = AppStore|Any CPU
		AppStore|iPhone = AppStore|iPhone
		AppStore|iPhoneSimulator = AppStore|iPhoneSimulator
		AppStore|Mixed Platforms = AppStore|Mixed Platforms
		Debug|Any CPU = Debug|Any CPU
		Debug|iPhone = Debug|iPhone
		Debug|iPhoneSimulator = Debug|iPhoneSimulator
		Debug|Mixed Platforms = Debug|Mixed Platforms
		Release|Any CPU = Release|Any CPU
		Release|iPhone = Release|iPhone
		Release|iPhoneSimulator = Release|iPhoneSimulator
		Release|Mixed Platforms = Release|Mixed Platforms
	EndGlobalSection
	GlobalSection(ProjectConfigurationPlatforms) = postSolution
		{7652423F-F5E3-4A1A-958F-7331C42AE409}.Ad-Hoc|Any CPU.ActiveCfg = FinalRelease|Any CPU
		{7652423F-F5E3-4A1A-958F-7331C42AE409}.Ad-Hoc|Any CPU.Build.0 = FinalRelease|Any CPU
		{7652423F-F5E3-4A1A-958F-7331C42AE409}.Ad-Hoc|iPhone.ActiveCfg = FinalRelease|Any CPU
		{7652423F-F5E3-4A1A-958F-7331C42AE409}.Ad-Hoc|iPhone.Build.0 = FinalRelease|Any CPU
		{7652423F-F5E3-4A1A-958F-7331C42AE409}.Ad-Hoc|iPhoneSimulator.ActiveCfg = FinalRelease|Any CPU
		{7652423F-F5E3-4A1A-958F-7331C42AE409}.Ad-Hoc|Mixed Platforms.ActiveCfg = FinalRelease|Any CPU
		{7652423F-F5E3-4A1A-958F-7331C42AE409}.Ad-Hoc|Mixed Platforms.Build.0 = FinalRelease|Any CPU
		{7652423F-F5E3-4A1A-958F-7331C42AE409}.AppStore|Any CPU.ActiveCfg = FinalRelease|Any CPU
		{7652423F-F5E3-4A1A-958F-7331C42AE409}.AppStore|Any CPU.Build.0 = FinalRelease|Any CPU
		{7652423F-F5E3-4A1A-958F-7331C42AE409}.AppStore|iPhone.ActiveCfg = FinalRelease|Any CPU
		{7652423F-F5E3-4A1A-958F-7331C42AE409}.AppStore|iPhoneSimulator.ActiveCfg = FinalRelease|Any CPU
		{7652423F-F5E3-4A1A-958F-7331C42AE409}.AppStore|Mixed Platforms.ActiveCfg = FinalRelease|Any CPU
		{7652423F-F5E3-4A1A-958F-7331C42AE409}.AppStore|Mixed Platforms.Build.0 = FinalRelease|Any CPU
		{7652423F-F5E3-4A1A-958F-7331C42AE409}.Debug|Any CPU.ActiveCfg = Debug|Any CPU
		{7652423F-F5E3-4A1A-958F-7331C42AE409}.Debug|Any CPU.Build.0 = Debug|Any CPU
		{7652423F-F5E3-4A1A-958F-7331C42AE409}.Debug|iPhone.ActiveCfg = Debug|Any CPU
		{7652423F-F5E3-4A1A-958F-7331C42AE409}.Debug|iPhone.Build.0 = Debug|Any CPU
		{7652423F-F5E3-4A1A-958F-7331C42AE409}.Debug|iPhoneSimulator.ActiveCfg = Debug|Any CPU
		{7652423F-F5E3-4A1A-958F-7331C42AE409}.Debug|iPhoneSimulator.Build.0 = Debug|Any CPU
		{7652423F-F5E3-4A1A-958F-7331C42AE409}.Debug|Mixed Platforms.ActiveCfg = Debug|Any CPU
		{7652423F-F5E3-4A1A-958F-7331C42AE409}.Debug|Mixed Platforms.Build.0 = Debug|Any CPU
		{7652423F-F5E3-4A1A-958F-7331C42AE409}.Release|Any CPU.ActiveCfg = Release|Any CPU
		{7652423F-F5E3-4A1A-958F-7331C42AE409}.Release|Any CPU.Build.0 = Release|Any CPU
		{7652423F-F5E3-4A1A-958F-7331C42AE409}.Release|iPhone.ActiveCfg = Release|Any CPU
		{7652423F-F5E3-4A1A-958F-7331C42AE409}.Release|iPhoneSimulator.ActiveCfg = Release|Any CPU
		{7652423F-F5E3-4A1A-958F-7331C42AE409}.Release|Mixed Platforms.ActiveCfg = Release|Any CPU
		{7652423F-F5E3-4A1A-958F-7331C42AE409}.Release|Mixed Platforms.Build.0 = Release|Any CPU
		{90745782-5D4B-4704-994C-0AE11D293270}.Ad-Hoc|Any CPU.ActiveCfg = FinalRelease|Any CPU
		{90745782-5D4B-4704-994C-0AE11D293270}.Ad-Hoc|Any CPU.Build.0 = FinalRelease|Any CPU
		{90745782-5D4B-4704-994C-0AE11D293270}.Ad-Hoc|Any CPU.Deploy.0 = FinalRelease|Any CPU
		{90745782-5D4B-4704-994C-0AE11D293270}.Ad-Hoc|iPhone.ActiveCfg = FinalRelease|Any CPU
		{90745782-5D4B-4704-994C-0AE11D293270}.Ad-Hoc|iPhoneSimulator.ActiveCfg = FinalRelease|Any CPU
		{90745782-5D4B-4704-994C-0AE11D293270}.Ad-Hoc|Mixed Platforms.ActiveCfg = FinalRelease|Any CPU
		{90745782-5D4B-4704-994C-0AE11D293270}.Ad-Hoc|Mixed Platforms.Build.0 = FinalRelease|Any CPU
		{90745782-5D4B-4704-994C-0AE11D293270}.Ad-Hoc|Mixed Platforms.Deploy.0 = FinalRelease|Any CPU
		{90745782-5D4B-4704-994C-0AE11D293270}.AppStore|Any CPU.ActiveCfg = FinalRelease|Any CPU
		{90745782-5D4B-4704-994C-0AE11D293270}.AppStore|Any CPU.Build.0 = FinalRelease|Any CPU
		{90745782-5D4B-4704-994C-0AE11D293270}.AppStore|Any CPU.Deploy.0 = FinalRelease|Any CPU
		{90745782-5D4B-4704-994C-0AE11D293270}.AppStore|iPhone.ActiveCfg = FinalRelease|Any CPU
		{90745782-5D4B-4704-994C-0AE11D293270}.AppStore|iPhoneSimulator.ActiveCfg = FinalRelease|Any CPU
		{90745782-5D4B-4704-994C-0AE11D293270}.AppStore|Mixed Platforms.ActiveCfg = FinalRelease|Any CPU
		{90745782-5D4B-4704-994C-0AE11D293270}.AppStore|Mixed Platforms.Build.0 = FinalRelease|Any CPU
		{90745782-5D4B-4704-994C-0AE11D293270}.AppStore|Mixed Platforms.Deploy.0 = FinalRelease|Any CPU
		{90745782-5D4B-4704-994C-0AE11D293270}.Debug|Any CPU.ActiveCfg = Debug|Any CPU
		{90745782-5D4B-4704-994C-0AE11D293270}.Debug|Any CPU.Build.0 = Debug|Any CPU
		{90745782-5D4B-4704-994C-0AE11D293270}.Debug|Any CPU.Deploy.0 = Debug|Any CPU
		{90745782-5D4B-4704-994C-0AE11D293270}.Debug|iPhone.ActiveCfg = Debug|Any CPU
		{90745782-5D4B-4704-994C-0AE11D293270}.Debug|iPhoneSimulator.ActiveCfg = Debug|Any CPU
		{90745782-5D4B-4704-994C-0AE11D293270}.Debug|Mixed Platforms.ActiveCfg = Debug|Any CPU
		{90745782-5D4B-4704-994C-0AE11D293270}.Debug|Mixed Platforms.Build.0 = Debug|Any CPU
		{90745782-5D4B-4704-994C-0AE11D293270}.Debug|Mixed Platforms.Deploy.0 = Debug|Any CPU
		{90745782-5D4B-4704-994C-0AE11D293270}.Release|Any CPU.ActiveCfg = Release|Any CPU
		{90745782-5D4B-4704-994C-0AE11D293270}.Release|Any CPU.Build.0 = Release|Any CPU
		{90745782-5D4B-4704-994C-0AE11D293270}.Release|Any CPU.Deploy.0 = Release|Any CPU
		{90745782-5D4B-4704-994C-0AE11D293270}.Release|iPhone.ActiveCfg = Release|Any CPU
		{90745782-5D4B-4704-994C-0AE11D293270}.Release|iPhoneSimulator.ActiveCfg = Release|Any CPU
		{90745782-5D4B-4704-994C-0AE11D293270}.Release|Mixed Platforms.ActiveCfg = Release|Any CPU
		{90745782-5D4B-4704-994C-0AE11D293270}.Release|Mixed Platforms.Build.0 = Release|Any CPU
		{90745782-5D4B-4704-994C-0AE11D293270}.Release|Mixed Platforms.Deploy.0 = Release|Any CPU
		{E49A4BFC-4AA1-43D4-9A48-01C051657B71}.Ad-Hoc|Any CPU.ActiveCfg = Ad-Hoc|iPhone
		{E49A4BFC-4AA1-43D4-9A48-01C051657B71}.Ad-Hoc|iPhone.ActiveCfg = Ad-Hoc|iPhone
		{E49A4BFC-4AA1-43D4-9A48-01C051657B71}.Ad-Hoc|iPhone.Build.0 = Ad-Hoc|iPhone
		{E49A4BFC-4AA1-43D4-9A48-01C051657B71}.Ad-Hoc|iPhoneSimulator.ActiveCfg = Ad-Hoc|iPhoneSimulator
		{E49A4BFC-4AA1-43D4-9A48-01C051657B71}.Ad-Hoc|iPhoneSimulator.Build.0 = Ad-Hoc|iPhoneSimulator
		{E49A4BFC-4AA1-43D4-9A48-01C051657B71}.Ad-Hoc|Mixed Platforms.ActiveCfg = Ad-Hoc|iPhone
		{E49A4BFC-4AA1-43D4-9A48-01C051657B71}.Ad-Hoc|Mixed Platforms.Build.0 = Ad-Hoc|iPhone
		{E49A4BFC-4AA1-43D4-9A48-01C051657B71}.AppStore|Any CPU.ActiveCfg = AppStore|iPhone
		{E49A4BFC-4AA1-43D4-9A48-01C051657B71}.AppStore|iPhone.ActiveCfg = AppStore|iPhone
		{E49A4BFC-4AA1-43D4-9A48-01C051657B71}.AppStore|iPhone.Build.0 = AppStore|iPhone
		{E49A4BFC-4AA1-43D4-9A48-01C051657B71}.AppStore|iPhoneSimulator.ActiveCfg = AppStore|iPhoneSimulator
		{E49A4BFC-4AA1-43D4-9A48-01C051657B71}.AppStore|iPhoneSimulator.Build.0 = AppStore|iPhoneSimulator
		{E49A4BFC-4AA1-43D4-9A48-01C051657B71}.AppStore|Mixed Platforms.ActiveCfg = AppStore|iPhone
		{E49A4BFC-4AA1-43D4-9A48-01C051657B71}.AppStore|Mixed Platforms.Build.0 = AppStore|iPhone
		{E49A4BFC-4AA1-43D4-9A48-01C051657B71}.Debug|Any CPU.ActiveCfg = Debug|iPhone
		{E49A4BFC-4AA1-43D4-9A48-01C051657B71}.Debug|iPhone.ActiveCfg = Debug|iPhone
		{E49A4BFC-4AA1-43D4-9A48-01C051657B71}.Debug|iPhone.Build.0 = Debug|iPhone
		{E49A4BFC-4AA1-43D4-9A48-01C051657B71}.Debug|iPhoneSimulator.ActiveCfg = Debug|iPhoneSimulator
		{E49A4BFC-4AA1-43D4-9A48-01C051657B71}.Debug|iPhoneSimulator.Build.0 = Debug|iPhoneSimulator
		{E49A4BFC-4AA1-43D4-9A48-01C051657B71}.Debug|Mixed Platforms.ActiveCfg = Debug|iPhone
		{E49A4BFC-4AA1-43D4-9A48-01C051657B71}.Debug|Mixed Platforms.Build.0 = Debug|iPhone
		{E49A4BFC-4AA1-43D4-9A48-01C051657B71}.Release|Any CPU.ActiveCfg = Release|iPhone
		{E49A4BFC-4AA1-43D4-9A48-01C051657B71}.Release|iPhone.ActiveCfg = Release|iPhone
		{E49A4BFC-4AA1-43D4-9A48-01C051657B71}.Release|iPhone.Build.0 = Release|iPhone
		{E49A4BFC-4AA1-43D4-9A48-01C051657B71}.Release|iPhoneSimulator.ActiveCfg = Release|iPhoneSimulator
		{E49A4BFC-4AA1-43D4-9A48-01C051657B71}.Release|iPhoneSimulator.Build.0 = Release|iPhoneSimulator
		{E49A4BFC-4AA1-43D4-9A48-01C051657B71}.Release|Mixed Platforms.ActiveCfg = Release|iPhone
		{E49A4BFC-4AA1-43D4-9A48-01C051657B71}.Release|Mixed Platforms.Build.0 = Release|iPhone
		{CA07425C-87F7-40E5-AA91-2F5FD3CEC29C}.Ad-Hoc|Any CPU.ActiveCfg = Release|Any CPU
		{CA07425C-87F7-40E5-AA91-2F5FD3CEC29C}.Ad-Hoc|Any CPU.Build.0 = Release|Any CPU
		{CA07425C-87F7-40E5-AA91-2F5FD3CEC29C}.Ad-Hoc|iPhone.ActiveCfg = Release|Any CPU
		{CA07425C-87F7-40E5-AA91-2F5FD3CEC29C}.Ad-Hoc|iPhone.Build.0 = Release|Any CPU
		{CA07425C-87F7-40E5-AA91-2F5FD3CEC29C}.Ad-Hoc|iPhoneSimulator.ActiveCfg = Release|Any CPU
		{CA07425C-87F7-40E5-AA91-2F5FD3CEC29C}.Ad-Hoc|iPhoneSimulator.Build.0 = Release|Any CPU
		{CA07425C-87F7-40E5-AA91-2F5FD3CEC29C}.Ad-Hoc|Mixed Platforms.ActiveCfg = Release|Any CPU
		{CA07425C-87F7-40E5-AA91-2F5FD3CEC29C}.Ad-Hoc|Mixed Platforms.Build.0 = Release|Any CPU
		{CA07425C-87F7-40E5-AA91-2F5FD3CEC29C}.AppStore|Any CPU.ActiveCfg = Release|Any CPU
		{CA07425C-87F7-40E5-AA91-2F5FD3CEC29C}.AppStore|Any CPU.Build.0 = Release|Any CPU
		{CA07425C-87F7-40E5-AA91-2F5FD3CEC29C}.AppStore|iPhone.ActiveCfg = Release|Any CPU
		{CA07425C-87F7-40E5-AA91-2F5FD3CEC29C}.AppStore|iPhone.Build.0 = Release|Any CPU
		{CA07425C-87F7-40E5-AA91-2F5FD3CEC29C}.AppStore|iPhoneSimulator.ActiveCfg = Release|Any CPU
		{CA07425C-87F7-40E5-AA91-2F5FD3CEC29C}.AppStore|iPhoneSimulator.Build.0 = Release|Any CPU
		{CA07425C-87F7-40E5-AA91-2F5FD3CEC29C}.AppStore|Mixed Platforms.ActiveCfg = Release|Any CPU
		{CA07425C-87F7-40E5-AA91-2F5FD3CEC29C}.AppStore|Mixed Platforms.Build.0 = Release|Any CPU
		{CA07425C-87F7-40E5-AA91-2F5FD3CEC29C}.Debug|Any CPU.ActiveCfg = Debug|Any CPU
		{CA07425C-87F7-40E5-AA91-2F5FD3CEC29C}.Debug|Any CPU.Build.0 = Debug|Any CPU
		{CA07425C-87F7-40E5-AA91-2F5FD3CEC29C}.Debug|iPhone.ActiveCfg = Debug|Any CPU
		{CA07425C-87F7-40E5-AA91-2F5FD3CEC29C}.Debug|iPhone.Build.0 = Debug|Any CPU
		{CA07425C-87F7-40E5-AA91-2F5FD3CEC29C}.Debug|iPhoneSimulator.ActiveCfg = Debug|Any CPU
		{CA07425C-87F7-40E5-AA91-2F5FD3CEC29C}.Debug|iPhoneSimulator.Build.0 = Debug|Any CPU
		{CA07425C-87F7-40E5-AA91-2F5FD3CEC29C}.Debug|Mixed Platforms.ActiveCfg = Debug|Any CPU
		{CA07425C-87F7-40E5-AA91-2F5FD3CEC29C}.Debug|Mixed Platforms.Build.0 = Debug|Any CPU
		{CA07425C-87F7-40E5-AA91-2F5FD3CEC29C}.Release|Any CPU.ActiveCfg = Release|Any CPU
		{CA07425C-87F7-40E5-AA91-2F5FD3CEC29C}.Release|Any CPU.Build.0 = Release|Any CPU
		{CA07425C-87F7-40E5-AA91-2F5FD3CEC29C}.Release|iPhone.ActiveCfg = Release|Any CPU
		{CA07425C-87F7-40E5-AA91-2F5FD3CEC29C}.Release|iPhone.Build.0 = Release|Any CPU
		{CA07425C-87F7-40E5-AA91-2F5FD3CEC29C}.Release|iPhoneSimulator.ActiveCfg = Release|Any CPU
		{CA07425C-87F7-40E5-AA91-2F5FD3CEC29C}.Release|iPhoneSimulator.Build.0 = Release|Any CPU
		{CA07425C-87F7-40E5-AA91-2F5FD3CEC29C}.Release|Mixed Platforms.ActiveCfg = Release|Any CPU
		{CA07425C-87F7-40E5-AA91-2F5FD3CEC29C}.Release|Mixed Platforms.Build.0 = Release|Any CPU
	EndGlobalSection
	GlobalSection(SolutionProperties) = preSolution
		HideSolutionNode = FALSE
	EndGlobalSection
EndGlobal
